{
    "_readme": [
        "This file locks the dependencies of your project to a known state",
        "Read more about it at https://getcomposer.org/doc/01-basic-usage.md#composer-lock-the-lock-file",
        "This file is @generated automatically"
    ],
    "hash": "d5389992b196450b7f5b90d33f83a931",
    "content-hash": "76706c55a1119a0053f825474acac5b6",
    "packages": [
        {
            "name": "hisamu/php-xbase",
            "version": "dev-master",
            "source": {
                "type": "git",
                "url": "https://github.com/hisamu/php-xbase.git",
                "reference": "9cebc632b78f8c5b894292351ea9edbf0e61f597"
            },
            "dist": {
                "type": "zip",
                "url": "https://api.github.com/repos/hisamu/php-xbase/zipball/9cebc632b78f8c5b894292351ea9edbf0e61f597",
                "reference": "9cebc632b78f8c5b894292351ea9edbf0e61f597",
                "shasum": ""
            },
            "require": {
                "php": ">=5.3.0"
            },
            "type": "library",
            "autoload": {
                "psr-0": {
                    "XBase": "src/"
                }
            },
            "notification-url": "https://packagist.org/downloads/",
            "authors": [
                {
                    "name": "Erwin Kooi",
                    "email": "info@cyane.nl"
                },
                {
                    "name": "Luã de Souza",
                    "email": "lsouza@codeinc.com.br"
                }
            ],
            "description": "A simple parser for *.dbf files using PHP",
            "homepage": "https://github.com/hisamu/php-xbase",
            "keywords": [
                "dbase",
                "foxpro"
            ],
            "time": "2015-12-17 19:18:03"
        }
    ],
    "packages-dev": [],
    "aliases": [],
    "minimum-stability": "stable",
    "stability-flags": {
        "hisamu/php-xbase": 20
    },
    "prefer-stable": false,
    "prefer-lowest": false,
    "platform": [],
    "platform-dev": []
}
